
Microsoft Visual Studio Solution File, Format Version 12.00
# Visual Studio Version 16
VisualStudioVersion = 16.0.30907.101
MinimumVisualStudioVersion = 10.0.40219.1
Project("{FAE04EC0-301F-11D3-BF4B-00C04F79EFBC}") = "LockVsMonitor", "LockVsMonitor\LockVsMonitor.csproj", "{72FAD105-7895-43C4-A34E-65A31341A39C}"
EndProject
Global
	GlobalSection(SolutionConfigurationPlatforms) = preSolution
		Debug|Any CPU = Debug|Any CPU
		Release|Any CPU = Release|Any CPU
	EndGlobalSection
	GlobalSection(ProjectConfigurationPlatforms) = postSolution
		{72FAD105-7895-43C4-A34E-65A31341A39C}.Debug|Any CPU.ActiveCfg = Debug|Any CPU
		{72FAD105-7895-43C4-A34E-65A31341A39C}.Debug|Any CPU.Build.0 = Debug|Any CPU
		{72FAD105-7895-43C4-A34E-65A31341A39C}.Release|Any CPU.ActiveCfg = Release|Any CPU
		{72FAD105-7895-43C4-A34E-65A31341A39C}.Release|Any CPU.Build.0 = Release|Any CPU
	EndGlobalSection
	GlobalSection(SolutionProperties) = preSolution
		HideSolutionNode = FALSE
	EndGlobalSection
	GlobalSection(ExtensibilityGlobals) = postSolution
		SolutionGuid = {CB280944-CF70-4DB3-A844-EAFC97588A02}
	EndGlobalSection
EndGlobal
